
Microsoft Visual Studio Solution File, Format Version 12.00
# Visual Studio Version 17
VisualStudioVersion = 17.3.32825.248
MinimumVisualStudioVersion = 10.0.40219.1
Project("{FAE04EC0-301F-11D3-BF4B-00C04F79EFBC}") = "HS_List", "HS_List.csproj", "{277324E4-3CAA-4B6B-B713-396BD0823928}"
EndProject
Global
	GlobalSection(SolutionConfigurationPlatforms) = preSolution
		Debug|Any CPU = Debug|Any CPU
		Release|Any CPU = Release|Any CPU
	EndGlobalSection
	GlobalSection(ProjectConfigurationPlatforms) = postSolution
		{277324E4-3CAA-4B6B-B713-396BD0823928}.Debug|Any CPU.ActiveCfg = Debug|Any CPU
		{277324E4-3CAA-4B6B-B713-396BD0823928}.Debug|Any CPU.Build.0 = Debug|Any CPU
		{277324E4-3CAA-4B6B-B713-396BD0823928}.Release|Any CPU.ActiveCfg = Release|Any CPU
		{277324E4-3CAA-4B6B-B713-396BD0823928}.Release|Any CPU.Build.0 = Release|Any CPU
	EndGlobalSection
	GlobalSection(SolutionProperties) = preSolution
		HideSolutionNode = FALSE
	EndGlobalSection
	GlobalSection(ExtensibilityGlobals) = postSolution
		SolutionGuid = {4E4F8B0D-CCBB-495B-B824-FE39D03766E7}
	EndGlobalSection
EndGlobal
